{
  "name": "Ejercicios_Js_Asicronica",
  "lockfileVersion": 3,
  "requires": true,
  "packages": {
    "": {
      "dependencies": {
        "collect.js": "^4.36.1",
        "lodash": "^4.17.21",
        "underscore-contrib": "^0.3.0"
      }
    },
    "node_modules/collect.js": {
      "version": "4.36.1",
      "resolved": "https://registry.npmjs.org/collect.js/-/collect.js-4.36.1.tgz",
      "integrity": "sha512-jd97xWPKgHn6uvK31V6zcyPd40lUJd7gpYxbN2VOVxGWO4tyvS9Li4EpsFjXepGTo2tYcOTC4a8YsbQXMJ4XUw=="
    },
    "node_modules/lodash": {
      "version": "4.17.21",
      "resolved": "https://registry.npmjs.org/lodash/-/lodash-4.17.21.tgz",
      "integrity": "sha512-v2kDEe57lecTulaDIuNTPy3Ry4gLGJ6Z1O3vE1krgXZNrsQ+LFTGHVxVjcXPs17LhbZVGedAJv8XZ1tvj5FvSg=="
    },
    "node_modules/underscore": {
      "version": "1.6.0",
      "resolved": "https://registry.npmjs.org/underscore/-/underscore-1.6.0.tgz",
      "integrity": "sha512-z4o1fvKUojIWh9XuaVLUDdf86RQiq13AC1dmHbTpoyuu+bquHms76v16CjycCbec87J7z0k//SiQVk0sMdFmpQ=="
    },
    "node_modules/underscore-contrib": {
      "version": "0.3.0",
      "resolved": "https://registry.npmjs.org/underscore-contrib/-/underscore-contrib-0.3.0.tgz",
      "integrity": "sha512-OT7lal0sQBw7Kz18uC6wkbHqBBuJYFgdehJ+W1Z9+9Jyip38rBtdQ9tITaXbJjmws3uDOkzT7+I6V5oNhH2lrw==",
      "dependencies": {
        "underscore": "1.6.0"
      }
    }
  }
}
